
Microsoft Visual Studio Solution File, Format Version 12.00
# Visual Studio 15
VisualStudioVersion = 15.0.28010.2016
MinimumVisualStudioVersion = 10.0.40219.1
Project("{9A19103F-16F7-4668-BE54-9A1E7A4F7556}") = "OnWebSocketEventQueued", "OnWebSocketEventQueued\OnWebSocketEventQueued.csproj", "{BF587E71-9420-4F16-AA7C-9C380CC184E0}"
EndProject
Project("{9A19103F-16F7-4668-BE54-9A1E7A4F7556}") = "OnWebSocketEventQueued.Tests", "OnWebSocketEventQueued.Tests\OnWebSocketEventQueued.Tests.csproj", "{8C070D78-4049-48F5-B472-6BC28FCAB25A}"
EndProject
Global
	GlobalSection(SolutionConfigurationPlatforms) = preSolution
		Debug|Any CPU = Debug|Any CPU
		Release|Any CPU = Release|Any CPU
	EndGlobalSection
	GlobalSection(ProjectConfigurationPlatforms) = postSolution
		{BF587E71-9420-4F16-AA7C-9C380CC184E0}.Debug|Any CPU.ActiveCfg = Debug|Any CPU
		{BF587E71-9420-4F16-AA7C-9C380CC184E0}.Debug|Any CPU.Build.0 = Debug|Any CPU
		{BF587E71-9420-4F16-AA7C-9C380CC184E0}.Release|Any CPU.ActiveCfg = Release|Any CPU
		{BF587E71-9420-4F16-AA7C-9C380CC184E0}.Release|Any CPU.Build.0 = Release|Any CPU
		{8C070D78-4049-48F5-B472-6BC28FCAB25A}.Debug|Any CPU.ActiveCfg = Debug|Any CPU
		{8C070D78-4049-48F5-B472-6BC28FCAB25A}.Debug|Any CPU.Build.0 = Debug|Any CPU
		{8C070D78-4049-48F5-B472-6BC28FCAB25A}.Release|Any CPU.ActiveCfg = Release|Any CPU
		{8C070D78-4049-48F5-B472-6BC28FCAB25A}.Release|Any CPU.Build.0 = Release|Any CPU
	EndGlobalSection
	GlobalSection(SolutionProperties) = preSolution
		HideSolutionNode = FALSE
	EndGlobalSection
	GlobalSection(ExtensibilityGlobals) = postSolution
		SolutionGuid = {0FF5A73C-164E-48D6-BF22-1048F98154B2}
	EndGlobalSection
EndGlobal
